
Microsoft Visual Studio Solution File, Format Version 12.00
# Visual Studio 14
VisualStudioVersion = 14.0.25420.1
MinimumVisualStudioVersion = 10.0.40219.1
Project("{FAE04EC0-301F-11D3-BF4B-00C04F79EFBC}") = "FizzBuzz.Web", "FizzBuzz.Web\FizzBuzz.Web.csproj", "{EC362AAF-7348-4C71-AE55-CEA62EF4D160}"
EndProject
Project("{FAE04EC0-301F-11D3-BF4B-00C04F79EFBC}") = "FizzBuzz.Web.Tests", "FizzBuzz.Web.Tests\FizzBuzz.Web.Tests.csproj", "{CBF17329-7449-4DE0-853D-5129DC54088F}"
EndProject
Project("{FAE04EC0-301F-11D3-BF4B-00C04F79EFBC}") = "FizzBuzz.Data", "FizzBuzz.Data\FizzBuzz.Data.csproj", "{5A8C3B26-4343-4FB4-A37F-2458E3EE4E07}"
EndProject
Project("{FAE04EC0-301F-11D3-BF4B-00C04F79EFBC}") = "ExerciseHelpers", "ExerciseHelpers\ExerciseHelpers.csproj", "{02B571F5-16F9-4645-89B7-25A741886F9B}"
EndProject
Global
	GlobalSection(SolutionConfigurationPlatforms) = preSolution
		Debug|Any CPU = Debug|Any CPU
		Release|Any CPU = Release|Any CPU
	EndGlobalSection
	GlobalSection(ProjectConfigurationPlatforms) = postSolution
		{EC362AAF-7348-4C71-AE55-CEA62EF4D160}.Debug|Any CPU.ActiveCfg = Debug|Any CPU
		{EC362AAF-7348-4C71-AE55-CEA62EF4D160}.Debug|Any CPU.Build.0 = Debug|Any CPU
		{EC362AAF-7348-4C71-AE55-CEA62EF4D160}.Release|Any CPU.ActiveCfg = Release|Any CPU
		{EC362AAF-7348-4C71-AE55-CEA62EF4D160}.Release|Any CPU.Build.0 = Release|Any CPU
		{CBF17329-7449-4DE0-853D-5129DC54088F}.Debug|Any CPU.ActiveCfg = Debug|Any CPU
		{CBF17329-7449-4DE0-853D-5129DC54088F}.Debug|Any CPU.Build.0 = Debug|Any CPU
		{CBF17329-7449-4DE0-853D-5129DC54088F}.Release|Any CPU.ActiveCfg = Release|Any CPU
		{CBF17329-7449-4DE0-853D-5129DC54088F}.Release|Any CPU.Build.0 = Release|Any CPU
		{5A8C3B26-4343-4FB4-A37F-2458E3EE4E07}.Debug|Any CPU.ActiveCfg = Debug|Any CPU
		{5A8C3B26-4343-4FB4-A37F-2458E3EE4E07}.Debug|Any CPU.Build.0 = Debug|Any CPU
		{5A8C3B26-4343-4FB4-A37F-2458E3EE4E07}.Release|Any CPU.ActiveCfg = Release|Any CPU
		{5A8C3B26-4343-4FB4-A37F-2458E3EE4E07}.Release|Any CPU.Build.0 = Release|Any CPU
		{02B571F5-16F9-4645-89B7-25A741886F9B}.Debug|Any CPU.ActiveCfg = Debug|Any CPU
		{02B571F5-16F9-4645-89B7-25A741886F9B}.Debug|Any CPU.Build.0 = Debug|Any CPU
		{02B571F5-16F9-4645-89B7-25A741886F9B}.Release|Any CPU.ActiveCfg = Release|Any CPU
		{02B571F5-16F9-4645-89B7-25A741886F9B}.Release|Any CPU.Build.0 = Release|Any CPU
	EndGlobalSection
	GlobalSection(SolutionProperties) = preSolution
		HideSolutionNode = FALSE
	EndGlobalSection
EndGlobal
